
Microsoft Visual Studio Solution File, Format Version 12.00
# Visual Studio Version 17
VisualStudioVersion = 17.2.32516.85
MinimumVisualStudioVersion = 10.0.40219.1
Project("{FAE04EC0-301F-11D3-BF4B-00C04F79EFBC}") = "WebApp_L39_Insert(JQuery)_51923", "WebApp_L39_Insert(JQuery)_51923\WebApp_L39_Insert(JQuery)_51923.csproj", "{F5525541-035F-45B8-8060-20F7DA521402}"
EndProject
Global
	GlobalSection(SolutionConfigurationPlatforms) = preSolution
		Debug|Any CPU = Debug|Any CPU
		Release|Any CPU = Release|Any CPU
	EndGlobalSection
	GlobalSection(ProjectConfigurationPlatforms) = postSolution
		{F5525541-035F-45B8-8060-20F7DA521402}.Debug|Any CPU.ActiveCfg = Debug|Any CPU
		{F5525541-035F-45B8-8060-20F7DA521402}.Debug|Any CPU.Build.0 = Debug|Any CPU
		{F5525541-035F-45B8-8060-20F7DA521402}.Release|Any CPU.ActiveCfg = Release|Any CPU
		{F5525541-035F-45B8-8060-20F7DA521402}.Release|Any CPU.Build.0 = Release|Any CPU
	EndGlobalSection
	GlobalSection(SolutionProperties) = preSolution
		HideSolutionNode = FALSE
	EndGlobalSection
	GlobalSection(ExtensibilityGlobals) = postSolution
		SolutionGuid = {88525A46-3B9D-440E-A3DF-0CD387B7173B}
	EndGlobalSection
EndGlobal
